
Microsoft Visual Studio Solution File, Format Version 12.00
# Visual Studio 15
Project("{FAE04EC0-301F-11D3-BF4B-00C04F79EFBC}") = "Assembly-CSharp", "Assembly-CSharp.csproj", "{D88DE4B1-C28F-2C9F-E782-2384FFE6ED92}"
EndProject
Project("{FAE04EC0-301F-11D3-BF4B-00C04F79EFBC}") = "IndexReferences", "IndexReferences.csproj", "{AAD6A039-0437-A91F-2FAA-44A2DC903285}"
EndProject
Project("{FAE04EC0-301F-11D3-BF4B-00C04F79EFBC}") = "Assembly-CSharp-Editor", "Assembly-CSharp-Editor.csproj", "{FA67DD79-CBAF-B715-0A6C-F32B3C7AC1AE}"
EndProject
Project("{FAE04EC0-301F-11D3-BF4B-00C04F79EFBC}") = "Tests", "Tests.csproj", "{BA24B413-863E-CB64-56BF-1E5F751C0384}"
EndProject
Global
	GlobalSection(SolutionConfigurationPlatforms) = preSolution
		Debug|Any CPU = Debug|Any CPU
		Release|Any CPU = Release|Any CPU
	EndGlobalSection
	GlobalSection(ProjectConfigurationPlatforms) = postSolution
		{D88DE4B1-C28F-2C9F-E782-2384FFE6ED92}.Debug|Any CPU.ActiveCfg = Debug|Any CPU
		{D88DE4B1-C28F-2C9F-E782-2384FFE6ED92}.Debug|Any CPU.Build.0 = Debug|Any CPU
		{D88DE4B1-C28F-2C9F-E782-2384FFE6ED92}.Release|Any CPU.ActiveCfg = Release|Any CPU
		{D88DE4B1-C28F-2C9F-E782-2384FFE6ED92}.Release|Any CPU.Build.0 = Release|Any CPU
		{AAD6A039-0437-A91F-2FAA-44A2DC903285}.Debug|Any CPU.ActiveCfg = Debug|Any CPU
		{AAD6A039-0437-A91F-2FAA-44A2DC903285}.Debug|Any CPU.Build.0 = Debug|Any CPU
		{AAD6A039-0437-A91F-2FAA-44A2DC903285}.Release|Any CPU.ActiveCfg = Release|Any CPU
		{AAD6A039-0437-A91F-2FAA-44A2DC903285}.Release|Any CPU.Build.0 = Release|Any CPU
		{FA67DD79-CBAF-B715-0A6C-F32B3C7AC1AE}.Debug|Any CPU.ActiveCfg = Debug|Any CPU
		{FA67DD79-CBAF-B715-0A6C-F32B3C7AC1AE}.Debug|Any CPU.Build.0 = Debug|Any CPU
		{FA67DD79-CBAF-B715-0A6C-F32B3C7AC1AE}.Release|Any CPU.ActiveCfg = Release|Any CPU
		{FA67DD79-CBAF-B715-0A6C-F32B3C7AC1AE}.Release|Any CPU.Build.0 = Release|Any CPU
		{BA24B413-863E-CB64-56BF-1E5F751C0384}.Debug|Any CPU.ActiveCfg = Debug|Any CPU
		{BA24B413-863E-CB64-56BF-1E5F751C0384}.Debug|Any CPU.Build.0 = Debug|Any CPU
		{BA24B413-863E-CB64-56BF-1E5F751C0384}.Release|Any CPU.ActiveCfg = Release|Any CPU
		{BA24B413-863E-CB64-56BF-1E5F751C0384}.Release|Any CPU.Build.0 = Release|Any CPU
	EndGlobalSection
	GlobalSection(SolutionProperties) = preSolution
		HideSolutionNode = FALSE
	EndGlobalSection
EndGlobal
